// !$*UTF8*$!
{
	archiveVersion = 1;
	classes = {
	};
	objectVersion = 46;
	objects = {

/* Begin PBXBuildFile section */
		7C3780301BBFBD66009BCD89 /* AppDelegate.swift in Sources */ = {isa = PBXBuildFile; fileRef = 7C37802F1BBFBD66009BCD89 /* AppDelegate.swift */; };
		7C3780321BBFBD66009BCD89 /* ViewController.swift in Sources */ = {isa = PBXBuildFile; fileRef = 7C3780311BBFBD66009BCD89 /* ViewController.swift */; };
		7C3780351BBFBD66009BCD89 /* Main.storyboard in Resources */ = {isa = PBXBuildFile; fileRef = 7C3780331BBFBD66009BCD89 /* Main.storyboard */; };
		7C3780371BBFBD66009BCD89 /* Images.xcassets in Resources */ = {isa = PBXBuildFile; fileRef = 7C3780361BBFBD66009BCD89 /* Images.xcassets */; };
		7C37803A1BBFBD66009BCD89 /* LaunchScreen.xib in Resources */ = {isa = PBXBuildFile; fileRef = 7C3780381BBFBD66009BCD89 /* LaunchScreen.xib */; };
		7C3780461BBFBD66009BCD89 /* TwitterKotaTests.swift in Sources */ = {isa = PBXBuildFile; fileRef = 7C3780451BBFBD66009BCD89 /* TwitterKotaTests.swift */; };
		7C3780541BBFBDBE009BCD89 /* Fabric.framework in Frameworks */ = {isa = PBXBuildFile; fileRef = 7C3780501BBFBDBE009BCD89 /* Fabric.framework */; };
		7C3780551BBFBDBE009BCD89 /* TwitterKit.framework in Frameworks */ = {isa = PBXBuildFile; fileRef = 7C3780511BBFBDBE009BCD89 /* TwitterKit.framework */; };
		7C3780561BBFBDBE009BCD89 /* TwitterKitResources.bundle in Resources */ = {isa = PBXBuildFile; fileRef = 7C3780521BBFBDBE009BCD89 /* TwitterKitResources.bundle */; };
		7C3780571BBFBDBE009BCD89 /* TwitterCore.framework in Frameworks */ = {isa = PBXBuildFile; fileRef = 7C3780531BBFBDBE009BCD89 /* TwitterCore.framework */; };
		7C3780591BBFC16B009BCD89 /* HomeViewController.swift in Sources */ = {isa = PBXBuildFile; fileRef = 7C3780581BBFC16B009BCD89 /* HomeViewController.swift */; };
/* End PBXBuildFile section */

/* Begin PBXContainerItemProxy section */
		7C3780401BBFBD66009BCD89 /* PBXContainerItemProxy */ = {
			isa = PBXContainerItemProxy;
			containerPortal = 7C3780221BBFBD66009BCD89 /* Project object */;
			proxyType = 1;
			remoteGlobalIDString = 7C3780291BBFBD66009BCD89;
			remoteInfo = TwitterKota;
		};
/* End PBXContainerItemProxy section */

/* Begin PBXFileReference section */
		1B161D2929E9E2156C23CD40 /* Pods.debug.xcconfig */ = {isa = PBXFileReference; includeInIndex = 1; lastKnownFileType = text.xcconfig; name = Pods.debug.xcconfig; path = "Pods/Target Support Files/Pods/Pods.debug.xcconfig"; sourceTree = "<group>"; };
		6611693F90B51A62DB30BCF9 /* Pods.release.xcconfig */ = {isa = PBXFileReference; includeInIndex = 1; lastKnownFileType = text.xcconfig; name = Pods.release.xcconfig; path = "Pods/Target Support Files/Pods/Pods.release.xcconfig"; sourceTree = "<group>"; };
		7C37802A1BBFBD66009BCD89 /* TwitterKota.app */ = {isa = PBXFileReference; explicitFileType = wrapper.application; includeInIndex = 0; path = TwitterKota.app; sourceTree = BUILT_PRODUCTS_DIR; };
		7C37802E1BBFBD66009BCD89 /* Info.plist */ = {isa = PBXFileReference; lastKnownFileType = text.plist.xml; path = Info.plist; sourceTree = "<group>"; };
		7C37802F1BBFBD66009BCD89 /* AppDelegate.swift */ = {isa = PBXFileReference; lastKnownFileType = sourcecode.swift; path = AppDelegate.swift; sourceTree = "<group>"; };
		7C3780311BBFBD66009BCD89 /* ViewController.swift */ = {isa = PBXFileReference; lastKnownFileType = sourcecode.swift; path = ViewController.swift; sourceTree = "<group>"; };
		7C3780341BBFBD66009BCD89 /* Base */ = {isa = PBXFileReference; lastKnownFileType = file.storyboard; name = Base; path = Base.lproj/Main.storyboard; sourceTree = "<group>"; };
		7C3780361BBFBD66009BCD89 /* Images.xcassets */ = {isa = PBXFileReference; lastKnownFileType = folder.assetcatalog; path = Images.xcassets; sourceTree = "<group>"; };
		7C3780391BBFBD66009BCD89 /* Base */ = {isa = PBXFileReference; lastKnownFileType = file.xib; name = Base; path = Base.lproj/LaunchScreen.xib; sourceTree = "<group>"; };
		7C37803F1BBFBD66009BCD89 /* TwitterKotaTests.xctest */ = {isa = PBXFileReference; explicitFileType = wrapper.cfbundle; includeInIndex = 0; path = TwitterKotaTests.xctest; sourceTree = BUILT_PRODUCTS_DIR; };
		7C3780441BBFBD66009BCD89 /* Info.plist */ = {isa = PBXFileReference; lastKnownFileType = text.plist.xml; path = Info.plist; sourceTree = "<group>"; };
		7C3780451BBFBD66009BCD89 /* TwitterKotaTests.swift */ = {isa = PBXFileReference; lastKnownFileType = sourcecode.swift; path = TwitterKotaTests.swift; sourceTree = "<group>"; };
		7C3780501BBFBDBE009BCD89 /* Fabric.framework */ = {isa = PBXFileReference; lastKnownFileType = wrapper.framework; path = Fabric.framework; sourceTree = "<group>"; };
		7C3780511BBFBDBE009BCD89 /* TwitterKit.framework */ = {isa = PBXFileReference; lastKnownFileType = wrapper.framework; path = TwitterKit.framework; sourceTree = "<group>"; };
		7C3780521BBFBDBE009BCD89 /* TwitterKitResources.bundle */ = {isa = PBXFileReference; lastKnownFileType = "wrapper.plug-in"; name = TwitterKitResources.bundle; path = TwitterKit.framework/Versions/A/Resources/TwitterKitResources.bundle; sourceTree = "<group>"; };
		7C3780531BBFBDBE009BCD89 /* TwitterCore.framework */ = {isa = PBXFileReference; lastKnownFileType = wrapper.framework; path = TwitterCore.framework; sourceTree = "<group>"; };
		7C3780581BBFC16B009BCD89 /* HomeViewController.swift */ = {isa = PBXFileReference; fileEncoding = 4; lastKnownFileType = sourcecode.swift; path = HomeViewController.swift; sourceTree = "<group>"; };
/* End PBXFileReference section */

/* Begin PBXFrameworksBuildPhase section */
		7C3780271BBFBD66009BCD89 /* Frameworks */ = {
			isa = PBXFrameworksBuildPhase;
			buildActionMask = 2147483647;
			files = (
				7C3780541BBFBDBE009BCD89 /* Fabric.framework in Frameworks */,
				7C3780571BBFBDBE009BCD89 /* TwitterCore.framework in Frameworks */,
				7C3780551BBFBDBE009BCD89 /* TwitterKit.framework in Frameworks */,
			);
			runOnlyForDeploymentPostprocessing = 0;
		};
		7C37803C1BBFBD66009BCD89 /* Frameworks */ = {
			isa = PBXFrameworksBuildPhase;
			buildActionMask = 2147483647;
			files = (
			);
			runOnlyForDeploymentPostprocessing = 0;
		};
/* End PBXFrameworksBuildPhase section */

/* Begin PBXGroup section */
		217EB1FABF6F04048F704AD4 /* Pods */ = {
			isa = PBXGroup;
			children = (
				1B161D2929E9E2156C23CD40 /* Pods.debug.xcconfig */,
				6611693F90B51A62DB30BCF9 /* Pods.release.xcconfig */,
			);
			name = Pods;
			sourceTree = "<group>";
		};
		7C3780211BBFBD66009BCD89 = {
			isa = PBXGroup;
			children = (
				7C3780501BBFBDBE009BCD89 /* Fabric.framework */,
				7C3780511BBFBDBE009BCD89 /* TwitterKit.framework */,
				7C3780521BBFBDBE009BCD89 /* TwitterKitResources.bundle */,
				7C3780531BBFBDBE009BCD89 /* TwitterCore.framework */,
				7C37802C1BBFBD66009BCD89 /* TwitterKota */,
				7C3780421BBFBD66009BCD89 /* TwitterKotaTests */,
				7C37802B1BBFBD66009BCD89 /* Products */,
				217EB1FABF6F04048F704AD4 /* Pods */,
				DF6B79C9C37C1E16EDB2F0EE /* Frameworks */,
			);
			sourceTree = "<group>";
		};
		7C37802B1BBFBD66009BCD89 /* Products */ = {
			isa = PBXGroup;
			children = (
				7C37802A1BBFBD66009BCD89 /* TwitterKota.app */,
				7C37803F1BBFBD66009BCD89 /* TwitterKotaTests.xctest */,
			);
			name = Products;
			sourceTree = "<group>";
		};
		7C37802C1BBFBD66009BCD89 /* TwitterKota */ = {
			isa = PBXGroup;
			children = (
				7C37802F1BBFBD66009BCD89 /* AppDelegate.swift */,
				7C3780311BBFBD66009BCD89 /* ViewController.swift */,
				7C3780581BBFC16B009BCD89 /* HomeViewController.swift */,
				7C3780331BBFBD66009BCD89 /* Main.storyboard */,
				7C3780361BBFBD66009BCD89 /* Images.xcassets */,
				7C3780381BBFBD66009BCD89 /* LaunchScreen.xib */,
				7C37802D1BBFBD66009BCD89 /* Supporting Files */,
			);
			path = TwitterKota;
			sourceTree = "<group>";
		};
		7C37802D1BBFBD66009BCD89 /* Supporting Files */ = {
			isa = PBXGroup;
			children = (
				7C37802E1BBFBD66009BCD89 /* Info.plist */,
			);
			name = "Supporting Files";
			sourceTree = "<group>";
		};
		7C3780421BBFBD66009BCD89 /* TwitterKotaTests */ = {
			isa = PBXGroup;
			children = (
				7C3780451BBFBD66009BCD89 /* TwitterKotaTests.swift */,
				7C3780431BBFBD66009BCD89 /* Supporting Files */,
			);
			path = TwitterKotaTests;
			sourceTree = "<group>";
		};
		7C3780431BBFBD66009BCD89 /* Supporting Files */ = {
			isa = PBXGroup;
			children = (
				7C3780441BBFBD66009BCD89 /* Info.plist */,
			);
			name = "Supporting Files";
			sourceTree = "<group>";
		};
		DF6B79C9C37C1E16EDB2F0EE /* Frameworks */ = {
			isa = PBXGroup;
			children = (
			);
			name = Frameworks;
			sourceTree = "<group>";
		};
/* End PBXGroup section */

/* Begin PBXNativeTarget section */
		7C3780291BBFBD66009BCD89 /* TwitterKota */ = {
			isa = PBXNativeTarget;
			buildConfigurationList = 7C3780491BBFBD66009BCD89 /* Build configuration list for PBXNativeTarget "TwitterKota" */;
			buildPhases = (
				7C3780261BBFBD66009BCD89 /* Sources */,
				7C3780271BBFBD66009BCD89 /* Frameworks */,
				7C3780281BBFBD66009BCD89 /* Resources */,
				7C37804F1BBFBD98009BCD89 /* ShellScript */,
			);
			buildRules = (
			);
			dependencies = (
			);
			name = TwitterKota;
			productName = TwitterKota;
			productReference = 7C37802A1BBFBD66009BCD89 /* TwitterKota.app */;
			productType = "com.apple.product-type.application";
		};
		7C37803E1BBFBD66009BCD89 /* TwitterKotaTests */ = {
			isa = PBXNativeTarget;
			buildConfigurationList = 7C37804C1BBFBD66009BCD89 /* Build configuration list for PBXNativeTarget "TwitterKotaTests" */;
			buildPhases = (
				7C37803B1BBFBD66009BCD89 /* Sources */,
				7C37803C1BBFBD66009BCD89 /* Frameworks */,
				7C37803D1BBFBD66009BCD89 /* Resources */,
			);
			buildRules = (
			);
			dependencies = (
				7C3780411BBFBD66009BCD89 /* PBXTargetDependency */,
			);
			name = TwitterKotaTests;
			productName = TwitterKotaTests;
			productReference = 7C37803F1BBFBD66009BCD89 /* TwitterKotaTests.xctest */;
			productType = "com.apple.product-type.bundle.unit-test";
		};
/* End PBXNativeTarget section */

/* Begin PBXProject section */
		7C3780221BBFBD66009BCD89 /* Project object */ = {
			isa = PBXProject;
			attributes = {
				LastUpgradeCheck = 0640;
				ORGANIZATIONNAME = "Kotaro Suto";
				TargetAttributes = {
					7C3780291BBFBD66009BCD89 = {
						CreatedOnToolsVersion = 6.4;
						SystemCapabilities = {
							com.apple.BackgroundModes = {
								enabled = 1;
							};
						};
					};
					7C37803E1BBFBD66009BCD89 = {
						CreatedOnToolsVersion = 6.4;
						TestTargetID = 7C3780291BBFBD66009BCD89;
					};
				};
			};
			buildConfigurationList = 7C3780251BBFBD66009BCD89 /* Build configuration list for PBXProject "TwitterKota" */;
			compatibilityVersion = "Xcode 3.2";
			developmentRegion = English;
			hasScannedForEncodings = 0;
			knownRegions = (
				en,
				Base,
			);
			mainGroup = 7C3780211BBFBD66009BCD89;
			productRefGroup = 7C37802B1BBFBD66009BCD89 /* Products */;
			projectDirPath = "";
			projectRoot = "";
			targets = (
				7C3780291BBFBD66009BCD89 /* TwitterKota */,
				7C37803E1BBFBD66009BCD89 /* TwitterKotaTests */,
			);
		};
/* End PBXProject section */

/* Begin PBXResourcesBuildPhase section */
		7C3780281BBFBD66009BCD89 /* Resources */ = {
			isa = PBXResourcesBuildPhase;
			buildActionMask = 2147483647;
			files = (
				7C3780561BBFBDBE009BCD89 /* TwitterKitResources.bundle in Resources */,
				7C3780351BBFBD66009BCD89 /* Main.storyboard in Resources */,
				7C37803A1BBFBD66009BCD89 /* LaunchScreen.xib in Resources */,
				7C3780371BBFBD66009BCD89 /* Images.xcassets in Resources */,
			);
			runOnlyForDeploymentPostprocessing = 0;
		};
		7C37803D1BBFBD66009BCD89 /* Resources */ = {
			isa = PBXResourcesBuildPhase;
			buildActionMask = 2147483647;
			files = (
			);
			runOnlyForDeploymentPostprocessing = 0;
		};
/* End PBXResourcesBuildPhase section */

/* Begin PBXShellScriptBuildPhase section */
		7C37804F1BBFBD98009BCD89 /* ShellScript */ = {
			isa = PBXShellScriptBuildPhase;
			buildActionMask = 2147483647;
			files = (
			);
			inputPaths = (
			);
			outputPaths = (
			);
			runOnlyForDeploymentPostprocessing = 0;
			shellPath = /bin/sh;
			shellScript = "./Fabric.framework/run 26d6ce49ab90f31d8d4c4eb4a96ec01e8bdbddcf f9d474582c6c8baab4dd71fe5c68b09986180f7f5bb00b26894c215ceaab9b62";
		};
/* End PBXShellScriptBuildPhase section */

/* Begin PBXSourcesBuildPhase section */
		7C3780261BBFBD66009BCD89 /* Sources */ = {
			isa = PBXSourcesBuildPhase;
			buildActionMask = 2147483647;
			files = (
				7C3780321BBFBD66009BCD89 /* ViewController.swift in Sources */,
				7C3780301BBFBD66009BCD89 /* AppDelegate.swift in Sources */,
				7C3780591BBFC16B009BCD89 /* HomeViewController.swift in Sources */,
			);
			runOnlyForDeploymentPostprocessing = 0;
		};
		7C37803B1BBFBD66009BCD89 /* Sources */ = {
			isa = PBXSourcesBuildPhase;
			buildActionMask = 2147483647;
			files = (
				7C3780461BBFBD66009BCD89 /* TwitterKotaTests.swift in Sources */,
			);
			runOnlyForDeploymentPostprocessing = 0;
		};
/* End PBXSourcesBuildPhase section */

/* Begin PBXTargetDependency section */
		7C3780411BBFBD66009BCD89 /* PBXTargetDependency */ = {
			isa = PBXTargetDependency;
			target = 7C3780291BBFBD66009BCD89 /* TwitterKota */;
			targetProxy = 7C3780401BBFBD66009BCD89 /* PBXContainerItemProxy */;
		};
/* End PBXTargetDependency section */

/* Begin PBXVariantGroup section */
		7C3780331BBFBD66009BCD89 /* Main.storyboard */ = {
			isa = PBXVariantGroup;
			children = (
				7C3780341BBFBD66009BCD89 /* Base */,
			);
			name = Main.storyboard;
			sourceTree = "<group>";
		};
		7C3780381BBFBD66009BCD89 /* LaunchScreen.xib */ = {
			isa = PBXVariantGroup;
			children = (
				7C3780391BBFBD66009BCD89 /* Base */,
			);
			name = LaunchScreen.xib;
			sourceTree = "<group>";
		};
/* End PBXVariantGroup section */

/* Begin XCBuildConfiguration section */
		7C3780471BBFBD66009BCD89 /* Debug */ = {
			isa = XCBuildConfiguration;
			buildSettings = {
				ALWAYS_SEARCH_USER_PATHS = NO;
				CLANG_CXX_LANGUAGE_STANDARD = "gnu++0x";
				CLANG_CXX_LIBRARY = "libc++";
				CLANG_ENABLE_MODULES = YES;
				CLANG_ENABLE_OBJC_ARC = YES;
				CLANG_WARN_BOOL_CONVERSION = YES;
				CLANG_WARN_CONSTANT_CONVERSION = YES;
				CLANG_WARN_DIRECT_OBJC_ISA_USAGE = YES_ERROR;
				CLANG_WARN_EMPTY_BODY = YES;
				CLANG_WARN_ENUM_CONVERSION = YES;
				CLANG_WARN_INT_CONVERSION = YES;
				CLANG_WARN_OBJC_ROOT_CLASS = YES_ERROR;
				CLANG_WARN_UNREACHABLE_CODE = YES;
				CLANG_WARN__DUPLICATE_METHOD_MATCH = YES;
				"CODE_SIGN_IDENTITY[sdk=iphoneos*]" = "iPhone Developer";
				COPY_PHASE_STRIP = NO;
				DEBUG_INFORMATION_FORMAT = "dwarf-with-dsym";
				ENABLE_STRICT_OBJC_MSGSEND = YES;
				GCC_C_LANGUAGE_STANDARD = gnu99;
				GCC_DYNAMIC_NO_PIC = NO;
				GCC_NO_COMMON_BLOCKS = YES;
				GCC_OPTIMIZATION_LEVEL = 0;
				GCC_PREPROCESSOR_DEFINITIONS = (
					"DEBUG=1",
					"$(inherited)",
				);
				GCC_SYMBOLS_PRIVATE_EXTERN = NO;
				GCC_WARN_64_TO_32_BIT_CONVERSION = YES;
				GCC_WARN_ABOUT_RETURN_TYPE = YES_ERROR;
				GCC_WARN_UNDECLARED_SELECTOR = YES;
				GCC_WARN_UNINITIALIZED_AUTOS = YES_AGGRESSIVE;
				GCC_WARN_UNUSED_FUNCTION = YES;
				GCC_WARN_UNUSED_VARIABLE = YES;
				IPHONEOS_DEPLOYMENT_TARGET = 8.4;
				MTL_ENABLE_DEBUG_INFO = YES;
				ONLY_ACTIVE_ARCH = YES;
				SDKROOT = iphoneos;
				SWIFT_OPTIMIZATION_LEVEL = "-Onone";
			};
			name = Debug;
		};
		7C3780481BBFBD66009BCD89 /* Release */ = {
			isa = XCBuildConfiguration;
			buildSettings = {
				ALWAYS_SEARCH_USER_PATHS = NO;
				CLANG_CXX_LANGUAGE_STANDARD = "gnu++0x";
				CLANG_CXX_LIBRARY = "libc++";
				CLANG_ENABLE_MODULES = YES;
				CLANG_ENABLE_OBJC_ARC = YES;
				CLANG_WARN_BOOL_CONVERSION = YES;
				CLANG_WARN_CONSTANT_CONVERSION = YES;
				CLANG_WARN_DIRECT_OBJC_ISA_USAGE = YES_ERROR;
				CLANG_WARN_EMPTY_BODY = YES;
				CLANG_WARN_ENUM_CONVERSION = YES;
				CLANG_WARN_INT_CONVERSION = YES;
				CLANG_WARN_OBJC_ROOT_CLASS = YES_ERROR;
				CLANG_WARN_UNREACHABLE_CODE = YES;
				CLANG_WARN__DUPLICATE_METHOD_MATCH = YES;
				"CODE_SIGN_IDENTITY[sdk=iphoneos*]" = "iPhone Developer";
				COPY_PHASE_STRIP = NO;
				DEBUG_INFORMATION_FORMAT = "dwarf-with-dsym";
				ENABLE_NS_ASSERTIONS = NO;
				ENABLE_STRICT_OBJC_MSGSEND = YES;
				GCC_C_LANGUAGE_STANDARD = gnu99;
				GCC_NO_COMMON_BLOCKS = YES;
				GCC_WARN_64_TO_32_BIT_CONVERSION = YES;
				GCC_WARN_ABOUT_RETURN_TYPE = YES_ERROR;
				GCC_WARN_UNDECLARED_SELECTOR = YES;
				GCC_WARN_UNINITIALIZED_AUTOS = YES_AGGRESSIVE;
				GCC_WARN_UNUSED_FUNCTION = YES;
				GCC_WARN_UNUSED_VARIABLE = YES;
				IPHONEOS_DEPLOYMENT_TARGET = 8.4;
				MTL_ENABLE_DEBUG_INFO = NO;
				SDKROOT = iphoneos;
				VALIDATE_PRODUCT = YES;
			};
			name = Release;
		};
		7C37804A1BBFBD66009BCD89 /* Debug */ = {
			isa = XCBuildConfiguration;
			baseConfigurationReference = 1B161D2929E9E2156C23CD40 /* Pods.debug.xcconfig */;
			buildSettings = {
				ASSETCATALOG_COMPILER_APPICON_NAME = AppIcon;
				FRAMEWORK_SEARCH_PATHS = (
					"$(inherited)",
					"$(PROJECT_DIR)",
				);
				INFOPLIST_FILE = TwitterKota/Info.plist;
				LD_RUNPATH_SEARCH_PATHS = "$(inherited) @executable_path/Frameworks";
				PRODUCT_NAME = "$(TARGET_NAME)";
			};
			name = Debug;
		};
		7C37804B1BBFBD66009BCD89 /* Release */ = {
			isa = XCBuildConfiguration;
			baseConfigurationReference = 6611693F90B51A62DB30BCF9 /* Pods.release.xcconfig */;
			buildSettings = {
				ASSETCATALOG_COMPILER_APPICON_NAME = AppIcon;
				FRAMEWORK_SEARCH_PATHS = (
					"$(inherited)",
					"$(PROJECT_DIR)",
				);
				INFOPLIST_FILE = TwitterKota/Info.plist;
				LD_RUNPATH_SEARCH_PATHS = "$(inherited) @executable_path/Frameworks";
				PRODUCT_NAME = "$(TARGET_NAME)";
			};
			name = Release;
		};
		7C37804D1BBFBD66009BCD89 /* Debug */ = {
			isa = XCBuildConfiguration;
			buildSettings = {
				BUNDLE_LOADER = "$(TEST_HOST)";
				FRAMEWORK_SEARCH_PATHS = (
					"$(SDKROOT)/Developer/Library/Frameworks",
					"$(inherited)",
				);
				GCC_PREPROCESSOR_DEFINITIONS = (
					"DEBUG=1",
					"$(inherited)",
				);
				INFOPLIST_FILE = TwitterKotaTests/Info.plist;
				LD_RUNPATH_SEARCH_PATHS = "$(inherited) @executable_path/Frameworks @loader_path/Frameworks";
				PRODUCT_NAME = "$(TARGET_NAME)";
				TEST_HOST = "$(BUILT_PRODUCTS_DIR)/TwitterKota.app/TwitterKota";
			};
			name = Debug;
		};
		7C37804E1BBFBD66009BCD89 /* Release */ = {
			isa = XCBuildConfiguration;
			buildSettings = {
				BUNDLE_LOADER = "$(TEST_HOST)";
				FRAMEWORK_SEARCH_PATHS = (
					"$(SDKROOT)/Developer/Library/Frameworks",
					"$(inherited)",
				);
				INFOPLIST_FILE = TwitterKotaTests/Info.plist;
				LD_RUNPATH_SEARCH_PATHS = "$(inherited) @executable_path/Frameworks @loader_path/Frameworks";
				PRODUCT_NAME = "$(TARGET_NAME)";
				TEST_HOST = "$(BUILT_PRODUCTS_DIR)/TwitterKota.app/TwitterKota";
			};
			name = Release;
		};
/* End XCBuildConfiguration section */

/* Begin XCConfigurationList section */
		7C3780251BBFBD66009BCD89 /* Build configuration list for PBXProject "TwitterKota" */ = {
			isa = XCConfigurationList;
			buildConfigurations = (
				7C3780471BBFBD66009BCD89 /* Debug */,
				7C3780481BBFBD66009BCD89 /* Release */,
			);
			defaultConfigurationIsVisible = 0;
			defaultConfigurationName = Release;
		};
		7C3780491BBFBD66009BCD89 /* Build configuration list for PBXNativeTarget "TwitterKota" */ = {
			isa = XCConfigurationList;
			buildConfigurations = (
				7C37804A1BBFBD66009BCD89 /* Debug */,
				7C37804B1BBFBD66009BCD89 /* Release */,
			);
			defaultConfigurationIsVisible = 0;
			defaultConfigurationName = Release;
		};
		7C37804C1BBFBD66009BCD89 /* Build configuration list for PBXNativeTarget "TwitterKotaTests" */ = {
			isa = XCConfigurationList;
			buildConfigurations = (
				7C37804D1BBFBD66009BCD89 /* Debug */,
				7C37804E1BBFBD66009BCD89 /* Release */,
			);
			defaultConfigurationIsVisible = 0;
			defaultConfigurationName = Release;
		};
/* End XCConfigurationList section */
	};
	rootObject = 7C3780221BBFBD66009BCD89 /* Project object */;
}
